
Microsoft Visual Studio Solution File, Format Version 12.00
# Visual Studio 2013
VisualStudioVersion = 12.0.21005.1
MinimumVisualStudioVersion = 10.0.40219.1
Project("{FAE04EC0-301F-11D3-BF4B-00C04F79EFBC}") = "Model", "Model\Model.csproj", "{DEEB99F9-DF30-45F3-9670-D00993A3AD18}"
EndProject
Project("{FAE04EC0-301F-11D3-BF4B-00C04F79EFBC}") = "DAL", "DAL\DAL.csproj", "{77BDA396-2B27-4FFB-A251-DE4AF26C7FD1}"
EndProject
Project("{FAE04EC0-301F-11D3-BF4B-00C04F79EFBC}") = "BLL", "BLL\BLL.csproj", "{F828BAC3-C9FC-4978-BFB9-650B1FDFB879}"
EndProject
Project("{FAE04EC0-301F-11D3-BF4B-00C04F79EFBC}") = "OnlineOrder", "OnlineOrder\OnlineOrder.csproj", "{FEB09F41-66DC-4EAC-A722-C6EF3115C7FB}"
EndProject
Project("{FAE04EC0-301F-11D3-BF4B-00C04F79EFBC}") = "DBUtility", "Common\DBUtility.csproj", "{396766A9-2D9A-4D43-9EE3-2E24EFCF987A}"
EndProject
Global
	GlobalSection(SolutionConfigurationPlatforms) = preSolution
		Debug|Any CPU = Debug|Any CPU
		Release|Any CPU = Release|Any CPU
	EndGlobalSection
	GlobalSection(ProjectConfigurationPlatforms) = postSolution
		{DEEB99F9-DF30-45F3-9670-D00993A3AD18}.Debug|Any CPU.ActiveCfg = Debug|Any CPU
		{DEEB99F9-DF30-45F3-9670-D00993A3AD18}.Debug|Any CPU.Build.0 = Debug|Any CPU
		{DEEB99F9-DF30-45F3-9670-D00993A3AD18}.Release|Any CPU.ActiveCfg = Release|Any CPU
		{DEEB99F9-DF30-45F3-9670-D00993A3AD18}.Release|Any CPU.Build.0 = Release|Any CPU
		{77BDA396-2B27-4FFB-A251-DE4AF26C7FD1}.Debug|Any CPU.ActiveCfg = Debug|Any CPU
		{77BDA396-2B27-4FFB-A251-DE4AF26C7FD1}.Debug|Any CPU.Build.0 = Debug|Any CPU
		{77BDA396-2B27-4FFB-A251-DE4AF26C7FD1}.Release|Any CPU.ActiveCfg = Release|Any CPU
		{77BDA396-2B27-4FFB-A251-DE4AF26C7FD1}.Release|Any CPU.Build.0 = Release|Any CPU
		{F828BAC3-C9FC-4978-BFB9-650B1FDFB879}.Debug|Any CPU.ActiveCfg = Debug|Any CPU
		{F828BAC3-C9FC-4978-BFB9-650B1FDFB879}.Debug|Any CPU.Build.0 = Debug|Any CPU
		{F828BAC3-C9FC-4978-BFB9-650B1FDFB879}.Release|Any CPU.ActiveCfg = Release|Any CPU
		{F828BAC3-C9FC-4978-BFB9-650B1FDFB879}.Release|Any CPU.Build.0 = Release|Any CPU
		{FEB09F41-66DC-4EAC-A722-C6EF3115C7FB}.Debug|Any CPU.ActiveCfg = Debug|Any CPU
		{FEB09F41-66DC-4EAC-A722-C6EF3115C7FB}.Debug|Any CPU.Build.0 = Debug|Any CPU
		{FEB09F41-66DC-4EAC-A722-C6EF3115C7FB}.Release|Any CPU.ActiveCfg = Release|Any CPU
		{FEB09F41-66DC-4EAC-A722-C6EF3115C7FB}.Release|Any CPU.Build.0 = Release|Any CPU
		{396766A9-2D9A-4D43-9EE3-2E24EFCF987A}.Debug|Any CPU.ActiveCfg = Debug|Any CPU
		{396766A9-2D9A-4D43-9EE3-2E24EFCF987A}.Debug|Any CPU.Build.0 = Debug|Any CPU
		{396766A9-2D9A-4D43-9EE3-2E24EFCF987A}.Release|Any CPU.ActiveCfg = Release|Any CPU
		{396766A9-2D9A-4D43-9EE3-2E24EFCF987A}.Release|Any CPU.Build.0 = Release|Any CPU
	EndGlobalSection
	GlobalSection(SolutionProperties) = preSolution
		HideSolutionNode = FALSE
	EndGlobalSection
EndGlobal
